
Microsoft Visual Studio Solution File, Format Version 12.00
# Visual Studio Version 16
VisualStudioVersion = 16.0.33328.57
MinimumVisualStudioVersion = 10.0.40219.1
Project("{FAE04EC0-301F-11D3-BF4B-00C04F79EFBC}") = "Kitaplik_Proje", "Kitaplik_Proje\Kitaplik_Proje.csproj", "{DE66C47B-C644-4316-B23D-E399F674A42D}"
EndProject
Global
	GlobalSection(SolutionConfigurationPlatforms) = preSolution
		Debug|Any CPU = Debug|Any CPU
		Release|Any CPU = Release|Any CPU
	EndGlobalSection
	GlobalSection(ProjectConfigurationPlatforms) = postSolution
		{DE66C47B-C644-4316-B23D-E399F674A42D}.Debug|Any CPU.ActiveCfg = Debug|Any CPU
		{DE66C47B-C644-4316-B23D-E399F674A42D}.Debug|Any CPU.Build.0 = Debug|Any CPU
		{DE66C47B-C644-4316-B23D-E399F674A42D}.Release|Any CPU.ActiveCfg = Release|Any CPU
		{DE66C47B-C644-4316-B23D-E399F674A42D}.Release|Any CPU.Build.0 = Release|Any CPU
	EndGlobalSection
	GlobalSection(SolutionProperties) = preSolution
		HideSolutionNode = FALSE
	EndGlobalSection
	GlobalSection(ExtensibilityGlobals) = postSolution
		SolutionGuid = {4960C872-9756-408A-B0C0-BA0A92967FB9}
	EndGlobalSection
EndGlobal
